<?xml version="1.0" encoding="utf-8"?>
<Project ToolsVersion="4.0" xmlns="http://schemas.microsoft.com/developer/msbuild/2003">
  <ItemGroup>
    <ClCompile Include="camera.cpp" />
    <ClCompile Include="input.cpp" />
    <ClCompile Include="main.cpp" />
    <ClCompile Include="application.cpp">
      <Filter>application</Filter>
    </ClCompile>
    <ClCompile Include="graphics.cpp">
      <Filter>graphics</Filter>
    </ClCompile>
    <ClCompile Include="graphics_initialize.cpp">
      <Filter>graphics</Filter>
    </ClCompile>
    <ClCompile Include="render_object.cpp">
      <Filter>graphics\render_object</Filter>
    </ClCompile>
    <ClCompile Include="math.cpp">
      <Filter>math</Filter>
    </ClCompile>
    <ClCompile Include="square_field.cpp">
      <Filter>logic\logic_world\square_field</Filter>
    </ClCompile>
    <ClCompile Include="hexagon_field.cpp">
      <Filter>logic\logic_world\hexagonal_field</Filter>
    </ClCompile>
    <ClCompile Include="texture.cpp">
      <Filter>graphics</Filter>
    </ClCompile>
    <ClCompile Include="sampler.cpp">
      <Filter>graphics</Filter>
    </ClCompile>
    <ClCompile Include="logic_object.cpp">
      <Filter>logic\logic_object</Filter>
    </ClCompile>
    <ClCompile Include="logic_world.cpp">
      <Filter>logic\logic_world</Filter>
    </ClCompile>
    <ClCompile Include="render_object_owner.cpp">
      <Filter>logic</Filter>
    </ClCompile>
    <ClCompile Include="logic.cpp">
      <Filter>logic</Filter>
    </ClCompile>
    <ClCompile Include="render_object_instance.cpp">
      <Filter>graphics\render_object</Filter>
    </ClCompile>
    <ClCompile Include="logic_object_instance.cpp">
      <Filter>logic\logic_object</Filter>
    </ClCompile>
  </ItemGroup>
  <ItemGroup>
    <ClInclude Include="camera.h" />
    <ClInclude Include="helper_functions.h" />
    <ClInclude Include="input.h" />
    <ClInclude Include="options.h" />
    <ClInclude Include="StepTimer.h" />
    <ClInclude Include="application.h">
      <Filter>application</Filter>
    </ClInclude>
    <ClInclude Include="graphics.h">
      <Filter>graphics</Filter>
    </ClInclude>
    <ClInclude Include="render_object.h">
      <Filter>graphics\render_object</Filter>
    </ClInclude>
    <ClInclude Include="math.h">
      <Filter>math</Filter>
    </ClInclude>
    <ClInclude Include="square_field.h">
      <Filter>logic\logic_world\square_field</Filter>
    </ClInclude>
    <ClInclude Include="hexagon_field.h">
      <Filter>logic\logic_world\hexagonal_field</Filter>
    </ClInclude>
    <ClInclude Include="texture.h">
      <Filter>graphics</Filter>
    </ClInclude>
    <ClInclude Include="d3dx12.h">
      <Filter>graphics</Filter>
    </ClInclude>
    <ClInclude Include="sampler.h">
      <Filter>graphics</Filter>
    </ClInclude>
    <ClInclude Include="logic_object.h">
      <Filter>logic\logic_object</Filter>
    </ClInclude>
    <ClInclude Include="logic_world.h">
      <Filter>logic\logic_world</Filter>
    </ClInclude>
    <ClInclude Include="render_object_owner.h">
      <Filter>logic</Filter>
    </ClInclude>
    <ClInclude Include="global_defines.h" />
    <ClInclude Include="logic.h">
      <Filter>logic</Filter>
    </ClInclude>
    <ClInclude Include="render_object_instance.h">
      <Filter>graphics\render_object</Filter>
    </ClInclude>
    <ClInclude Include="logic_object_instance.h">
      <Filter>logic\logic_object</Filter>
    </ClInclude>
  </ItemGroup>
  <ItemGroup>
    <Filter Include="application">
      <UniqueIdentifier>{0f507002-5040-4ad7-adec-9bc170b8710a}</UniqueIdentifier>
    </Filter>
    <Filter Include="graphics">
      <UniqueIdentifier>{37561134-0615-4c4c-b687-d069a0492480}</UniqueIdentifier>
    </Filter>
    <Filter Include="math">
      <UniqueIdentifier>{7e623c38-4456-4801-a2c1-f2ca17948dbc}</UniqueIdentifier>
    </Filter>
    <Filter Include="graphics\render_object">
      <UniqueIdentifier>{d79f716c-1dd0-4f4b-af05-ce37aad40702}</UniqueIdentifier>
    </Filter>
    <Filter Include="graphics\shaders">
      <UniqueIdentifier>{db6180b4-a29f-4470-920b-e74a7dab092e}</UniqueIdentifier>
    </Filter>
    <Filter Include="graphics\shaders\pixel">
      <UniqueIdentifier>{bb4dd025-2d61-4c7a-9449-e5f447ac3512}</UniqueIdentifier>
    </Filter>
    <Filter Include="graphics\shaders\vertex">
      <UniqueIdentifier>{ea219afe-b177-4c44-a8d4-34f70bf34073}</UniqueIdentifier>
    </Filter>
    <Filter Include="graphics\shaders\common">
      <UniqueIdentifier>{9be39e2b-5c59-464e-b357-be4cc51fccd2}</UniqueIdentifier>
    </Filter>
    <Filter Include="logic">
      <UniqueIdentifier>{22b29dbd-f569-4650-a2be-185fe4581b70}</UniqueIdentifier>
    </Filter>
    <Filter Include="logic\logic_object">
      <UniqueIdentifier>{112338a8-c557-4dd0-ab0e-66eb6762a688}</UniqueIdentifier>
    </Filter>
    <Filter Include="logic\logic_world">
      <UniqueIdentifier>{1d110a89-a8b0-481b-aaac-26962f543e9a}</UniqueIdentifier>
    </Filter>
    <Filter Include="logic\logic_world\hexagonal_field">
      <UniqueIdentifier>{da2f826e-cc48-4ef8-ac1f-71bea931c43a}</UniqueIdentifier>
    </Filter>
    <Filter Include="logic\logic_world\square_field">
      <UniqueIdentifier>{ef1de08a-62bc-4b90-8962-a0c6eae7b09c}</UniqueIdentifier>
    </Filter>
  </ItemGroup>
  <ItemGroup>
    <FxCompile Include="Shaders\color_id.hlsl">
      <Filter>graphics\shaders\pixel</Filter>
    </FxCompile>
    <FxCompile Include="Shaders\common.hlsl">
      <Filter>graphics\shaders\common</Filter>
    </FxCompile>
    <FxCompile Include="Shaders\vertex_position_x_mvp.hlsl">
      <Filter>graphics\shaders\vertex</Filter>
    </FxCompile>
    <FxCompile Include="Shaders\vertex_instance_position_x_mvp.hlsl">
      <Filter>graphics\shaders\vertex</Filter>
    </FxCompile>
    <FxCompile Include="Shaders\instance_color_id.hlsl">
      <Filter>graphics\shaders\pixel</Filter>
    </FxCompile>
  </ItemGroup>
</Project>